// !$*UTF8*$!
{
	archiveVersion = 1;
	classes = {
	};
	objectVersion = 50;
	objects = {

/* Begin PBXBuildFile section */
		5E3EA713240BC0CC000D1E89 /* AppDelegate.swift in Sources */ = {isa = PBXBuildFile; fileRef = 5E3EA712240BC0CC000D1E89 /* AppDelegate.swift */; };
		5E3EA715240BC0CC000D1E89 /* SceneDelegate.swift in Sources */ = {isa = PBXBuildFile; fileRef = 5E3EA714240BC0CC000D1E89 /* SceneDelegate.swift */; };
		5E3EA717240BC0CC000D1E89 /* ViewController.swift in Sources */ = {isa = PBXBuildFile; fileRef = 5E3EA716240BC0CC000D1E89 /* ViewController.swift */; };
		5E3EA71A240BC0CC000D1E89 /* Main.storyboard in Resources */ = {isa = PBXBuildFile; fileRef = 5E3EA718240BC0CC000D1E89 /* Main.storyboard */; };
		5E3EA71C240BC0CC000D1E89 /* Assets.xcassets in Resources */ = {isa = PBXBuildFile; fileRef = 5E3EA71B240BC0CC000D1E89 /* Assets.xcassets */; };
		5E3EA71F240BC0CC000D1E89 /* LaunchScreen.storyboard in Resources */ = {isa = PBXBuildFile; fileRef = 5E3EA71D240BC0CC000D1E89 /* LaunchScreen.storyboard */; };
/* End PBXBuildFile section */

/* Begin PBXFileReference section */
		5E3EA70F240BC0CC000D1E89 /* BottomNavigationTabBar.app */ = {isa = PBXFileReference; explicitFileType = wrapper.application; includeInIndex = 0; path = BottomNavigationTabBar.app; sourceTree = BUILT_PRODUCTS_DIR; };
		5E3EA712240BC0CC000D1E89 /* AppDelegate.swift */ = {isa = PBXFileReference; lastKnownFileType = sourcecode.swift; path = AppDelegate.swift; sourceTree = "<group>"; };
		5E3EA714240BC0CC000D1E89 /* SceneDelegate.swift */ = {isa = PBXFileReference; lastKnownFileType = sourcecode.swift; path = SceneDelegate.swift; sourceTree = "<group>"; };
		5E3EA716240BC0CC000D1E89 /* ViewController.swift */ = {isa = PBXFileReference; lastKnownFileType = sourcecode.swift; path = ViewController.swift; sourceTree = "<group>"; };
		5E3EA719240BC0CC000D1E89 /* Base */ = {isa = PBXFileReference; lastKnownFileType = file.storyboard; name = Base; path = Base.lproj/Main.storyboard; sourceTree = "<group>"; };
		5E3EA71B240BC0CC000D1E89 /* Assets.xcassets */ = {isa = PBXFileReference; lastKnownFileType = folder.assetcatalog; path = Assets.xcassets; sourceTree = "<group>"; };
		5E3EA71E240BC0CC000D1E89 /* Base */ = {isa = PBXFileReference; lastKnownFileType = file.storyboard; name = Base; path = Base.lproj/LaunchScreen.storyboard; sourceTree = "<group>"; };
		5E3EA720240BC0CC000D1E89 /* Info.plist */ = {isa = PBXFileReference; lastKnownFileType = text.plist.xml; path = Info.plist; sourceTree = "<group>"; };
/* End PBXFileReference section */

/* Begin PBXFrameworksBuildPhase section */
		5E3EA70C240BC0CC000D1E89 /* Frameworks */ = {
			isa = PBXFrameworksBuildPhase;
			buildActionMask = 2147483647;
			files = (
			);
			runOnlyForDeploymentPostprocessing = 0;
		};
/* End PBXFrameworksBuildPhase section */

/* Begin PBXGroup section */
		5E3EA706240BC0CC000D1E89 = {
			isa = PBXGroup;
			children = (
				5E3EA711240BC0CC000D1E89 /* BottomNavigationTabBar */,
				5E3EA710240BC0CC000D1E89 /* Products */,
			);
			sourceTree = "<group>";
		};
		5E3EA710240BC0CC000D1E89 /* Products */ = {
			isa = PBXGroup;
			children = (
				5E3EA70F240BC0CC000D1E89 /* BottomNavigationTabBar.app */,
			);
			name = Products;
			sourceTree = "<group>";
		};
		5E3EA711240BC0CC000D1E89 /* BottomNavigationTabBar */ = {
			isa = PBXGroup;
			children = (
				5E3EA712240BC0CC000D1E89 /* AppDelegate.swift */,
				5E3EA714240BC0CC000D1E89 /* SceneDelegate.swift */,
				5E3EA716240BC0CC000D1E89 /* ViewController.swift */,
				5E3EA718240BC0CC000D1E89 /* Main.storyboard */,
				5E3EA71B240BC0CC000D1E89 /* Assets.xcassets */,
				5E3EA71D240BC0CC000D1E89 /* LaunchScreen.storyboard */,
				5E3EA720240BC0CC000D1E89 /* Info.plist */,
			);
			path = BottomNavigationTabBar;
			sourceTree = "<group>";
		};
/* End PBXGroup section */

/* Begin PBXNativeTarget section */
		5E3EA70E240BC0CC000D1E89 /* BottomNavigationTabBar */ = {
			isa = PBXNativeTarget;
			buildConfigurationList = 5E3EA723240BC0CC000D1E89 /* Build configuration list for PBXNativeTarget "BottomNavigationTabBar" */;
			buildPhases = (
				5E3EA70B240BC0CC000D1E89 /* Sources */,
				5E3EA70C240BC0CC000D1E89 /* Frameworks */,
				5E3EA70D240BC0CC000D1E89 /* Resources */,
			);
			buildRules = (
			);
			dependencies = (
			);
			name = BottomNavigationTabBar;
			productName = BottomNavigationTabBar;
			productReference = 5E3EA70F240BC0CC000D1E89 /* BottomNavigationTabBar.app */;
			productType = "com.apple.product-type.application";
		};
/* End PBXNativeTarget section */

/* Begin PBXProject section */
		5E3EA707240BC0CC000D1E89 /* Project object */ = {
			isa = PBXProject;
			attributes = {
				LastSwiftUpdateCheck = 1130;
				LastUpgradeCheck = 1130;
				ORGANIZATIONNAME = DhakaLive;
				TargetAttributes = {
					5E3EA70E240BC0CC000D1E89 = {
						CreatedOnToolsVersion = 11.3.1;
					};
				};
			};
			buildConfigurationList = 5E3EA70A240BC0CC000D1E89 /* Build configuration list for PBXProject "BottomNavigationTabBar" */;
			compatibilityVersion = "Xcode 9.3";
			developmentRegion = en;
			hasScannedForEncodings = 0;
			knownRegions = (
				en,
				Base,
			);
			mainGroup = 5E3EA706240BC0CC000D1E89;
			productRefGroup = 5E3EA710240BC0CC000D1E89 /* Products */;
			projectDirPath = "";
			projectRoot = "";
			targets = (
				5E3EA70E240BC0CC000D1E89 /* BottomNavigationTabBar */,
			);
		};
/* End PBXProject section */

/* Begin PBXResourcesBuildPhase section */
		5E3EA70D240BC0CC000D1E89 /* Resources */ = {
			isa = PBXResourcesBuildPhase;
			buildActionMask = 2147483647;
			files = (
				5E3EA71F240BC0CC000D1E89 /* LaunchScreen.storyboard in Resources */,
				5E3EA71C240BC0CC000D1E89 /* Assets.xcassets in Resources */,
				5E3EA71A240BC0CC000D1E89 /* Main.storyboard in Resources */,
			);
			runOnlyForDeploymentPostprocessing = 0;
		};
/* End PBXResourcesBuildPhase section */

/* Begin PBXSourcesBuildPhase section */
		5E3EA70B240BC0CC000D1E89 /* Sources */ = {
			isa = PBXSourcesBuildPhase;
			buildActionMask = 2147483647;
			files = (
				5E3EA717240BC0CC000D1E89 /* ViewController.swift in Sources */,
				5E3EA713240BC0CC000D1E89 /* AppDelegate.swift in Sources */,
				5E3EA715240BC0CC000D1E89 /* SceneDelegate.swift in Sources */,
			);
			runOnlyForDeploymentPostprocessing = 0;
		};
/* End PBXSourcesBuildPhase section */

/* Begin PBXVariantGroup section */
		5E3EA718240BC0CC000D1E89 /* Main.storyboard */ = {
			isa = PBXVariantGroup;
			children = (
				5E3EA719240BC0CC000D1E89 /* Base */,
			);
			name = Main.storyboard;
			sourceTree = "<group>";
		};
		5E3EA71D240BC0CC000D1E89 /* LaunchScreen.storyboard */ = {
			isa = PBXVariantGroup;
			children = (
				5E3EA71E240BC0CC000D1E89 /* Base */,
			);
			name = LaunchScreen.storyboard;
			sourceTree = "<group>";
		};
/* End PBXVariantGroup section */

/* Begin XCBuildConfiguration section */
		5E3EA721240BC0CC000D1E89 /* Debug */ = {
			isa = XCBuildConfiguration;
			buildSettings = {
				ALWAYS_SEARCH_USER_PATHS = NO;
				CLANG_ANALYZER_NONNULL = YES;
				CLANG_ANALYZER_NUMBER_OBJECT_CONVERSION = YES_AGGRESSIVE;
				CLANG_CXX_LANGUAGE_STANDARD = "gnu++14";
				CLANG_CXX_LIBRARY = "libc++";
				CLANG_ENABLE_MODULES = YES;
				CLANG_ENABLE_OBJC_ARC = YES;
				CLANG_ENABLE_OBJC_WEAK = YES;
				CLANG_WARN_BLOCK_CAPTURE_AUTORELEASING = YES;
				CLANG_WARN_BOOL_CONVERSION = YES;
				CLANG_WARN_COMMA = YES;
				CLANG_WARN_CONSTANT_CONVERSION = YES;
				CLANG_WARN_DEPRECATED_OBJC_IMPLEMENTATIONS = YES;
				CLANG_WARN_DIRECT_OBJC_ISA_USAGE = YES_ERROR;
				CLANG_WARN_DOCUMENTATION_COMMENTS = YES;
				CLANG_WARN_EMPTY_BODY = YES;
				CLANG_WARN_ENUM_CONVERSION = YES;
				CLANG_WARN_INFINITE_RECURSION = YES;
				CLANG_WARN_INT_CONVERSION = YES;
				CLANG_WARN_NON_LITERAL_NULL_CONVERSION = YES;
				CLANG_WARN_OBJC_IMPLICIT_RETAIN_SELF = YES;
				CLANG_WARN_OBJC_LITERAL_CONVERSION = YES;
				CLANG_WARN_OBJC_ROOT_CLASS = YES_ERROR;
				CLANG_WARN_RANGE_LOOP_ANALYSIS = YES;
				CLANG_WARN_STRICT_PROTOTYPES = YES;
				CLANG_WARN_SUSPICIOUS_MOVE = YES;
				CLANG_WARN_UNGUARDED_AVAILABILITY = YES_AGGRESSIVE;
				CLANG_WARN_UNREACHABLE_CODE = YES;
				CLANG_WARN__DUPLICATE_METHOD_MATCH = YES;
				COPY_PHASE_STRIP = NO;
				DEBUG_INFORMATION_FORMAT = dwarf;
				ENABLE_STRICT_OBJC_MSGSEND = YES;
				ENABLE_TESTABILITY = YES;
				GCC_C_LANGUAGE_STANDARD = gnu11;
				GCC_DYNAMIC_NO_PIC = NO;
				GCC_NO_COMMON_BLOCKS = YES;
				GCC_OPTIMIZATION_LEVEL = 0;
				GCC_PREPROCESSOR_DEFINITIONS = (
					"DEBUG=1",
					"$(inherited)",
				);
				GCC_WARN_64_TO_32_BIT_CONVERSION = YES;
				GCC_WARN_ABOUT_RETURN_TYPE = YES_ERROR;
				GCC_WARN_UNDECLARED_SELECTOR = YES;
				GCC_WARN_UNINITIALIZED_AUTOS = YES_AGGRESSIVE;
				GCC_WARN_UNUSED_FUNCTION = YES;
				GCC_WARN_UNUSED_VARIABLE = YES;
				IPHONEOS_DEPLOYMENT_TARGET = 13.2;
				MTL_ENABLE_DEBUG_INFO = INCLUDE_SOURCE;
				MTL_FAST_MATH = YES;
				ONLY_ACTIVE_ARCH = YES;
				SDKROOT = iphoneos;
				SWIFT_ACTIVE_COMPILATION_CONDITIONS = DEBUG;
				SWIFT_OPTIMIZATION_LEVEL = "-Onone";
			};
			name = Debug;
		};
		5E3EA722240BC0CC000D1E89 /* Release */ = {
			isa = XCBuildConfiguration;
			buildSettings = {
				ALWAYS_SEARCH_USER_PATHS = NO;
				CLANG_ANALYZER_NONNULL = YES;
				CLANG_ANALYZER_NUMBER_OBJECT_CONVERSION = YES_AGGRESSIVE;
				CLANG_CXX_LANGUAGE_STANDARD = "gnu++14";
				CLANG_CXX_LIBRARY = "libc++";
				CLANG_ENABLE_MODULES = YES;
				CLANG_ENABLE_OBJC_ARC = YES;
				CLANG_ENABLE_OBJC_WEAK = YES;
				CLANG_WARN_BLOCK_CAPTURE_AUTORELEASING = YES;
				CLANG_WARN_BOOL_CONVERSION = YES;
				CLANG_WARN_COMMA = YES;
				CLANG_WARN_CONSTANT_CONVERSION = YES;
				CLANG_WARN_DEPRECATED_OBJC_IMPLEMENTATIONS = YES;
				CLANG_WARN_DIRECT_OBJC_ISA_USAGE = YES_ERROR;
				CLANG_WARN_DOCUMENTATION_COMMENTS = YES;
				CLANG_WARN_EMPTY_BODY = YES;
				CLANG_WARN_ENUM_CONVERSION = YES;
				CLANG_WARN_INFINITE_RECURSION = YES;
				CLANG_WARN_INT_CONVERSION = YES;
				CLANG_WARN_NON_LITERAL_NULL_CONVERSION = YES;
				CLANG_WARN_OBJC_IMPLICIT_RETAIN_SELF = YES;
				CLANG_WARN_OBJC_LITERAL_CONVERSION = YES;
				CLANG_WARN_OBJC_ROOT_CLASS = YES_ERROR;
				CLANG_WARN_RANGE_LOOP_ANALYSIS = YES;
				CLANG_WARN_STRICT_PROTOTYPES = YES;
				CLANG_WARN_SUSPICIOUS_MOVE = YES;
				CLANG_WARN_UNGUARDED_AVAILABILITY = YES_AGGRESSIVE;
				CLANG_WARN_UNREACHABLE_CODE = YES;
				CLANG_WARN__DUPLICATE_METHOD_MATCH = YES;
				COPY_PHASE_STRIP = NO;
				DEBUG_INFORMATION_FORMAT = "dwarf-with-dsym";
				ENABLE_NS_ASSERTIONS = NO;
				ENABLE_STRICT_OBJC_MSGSEND = YES;
				GCC_C_LANGUAGE_STANDARD = gnu11;
				GCC_NO_COMMON_BLOCKS = YES;
				GCC_WARN_64_TO_32_BIT_CONVERSION = YES;
				GCC_WARN_ABOUT_RETURN_TYPE = YES_ERROR;
				GCC_WARN_UNDECLARED_SELECTOR = YES;
				GCC_WARN_UNINITIALIZED_AUTOS = YES_AGGRESSIVE;
				GCC_WARN_UNUSED_FUNCTION = YES;
				GCC_WARN_UNUSED_VARIABLE = YES;
				IPHONEOS_DEPLOYMENT_TARGET = 13.2;
				MTL_ENABLE_DEBUG_INFO = NO;
				MTL_FAST_MATH = YES;
				SDKROOT = iphoneos;
				SWIFT_COMPILATION_MODE = wholemodule;
				SWIFT_OPTIMIZATION_LEVEL = "-O";
				VALIDATE_PRODUCT = YES;
			};
			name = Release;
		};
		5E3EA724240BC0CC000D1E89 /* Debug */ = {
			isa = XCBuildConfiguration;
			buildSettings = {
				ASSETCATALOG_COMPILER_APPICON_NAME = AppIcon;
				CODE_SIGN_STYLE = Automatic;
				DEVELOPMENT_TEAM = 56T3R9L9RT;
				INFOPLIST_FILE = BottomNavigationTabBar/Info.plist;
				LD_RUNPATH_SEARCH_PATHS = (
					"$(inherited)",
					"@executable_path/Frameworks",
				);
				PRODUCT_BUNDLE_IDENTIFIER = sumonta.BottomNavigationTabBar;
				PRODUCT_NAME = "$(TARGET_NAME)";
				SWIFT_VERSION = 5.0;
				TARGETED_DEVICE_FAMILY = "1,2";
			};
			name = Debug;
		};
		5E3EA725240BC0CC000D1E89 /* Release */ = {
			isa = XCBuildConfiguration;
			buildSettings = {
				ASSETCATALOG_COMPILER_APPICON_NAME = AppIcon;
				CODE_SIGN_STYLE = Automatic;
				DEVELOPMENT_TEAM = 56T3R9L9RT;
				INFOPLIST_FILE = BottomNavigationTabBar/Info.plist;
				LD_RUNPATH_SEARCH_PATHS = (
					"$(inherited)",
					"@executable_path/Frameworks",
				);
				PRODUCT_BUNDLE_IDENTIFIER = sumonta.BottomNavigationTabBar;
				PRODUCT_NAME = "$(TARGET_NAME)";
				SWIFT_VERSION = 5.0;
				TARGETED_DEVICE_FAMILY = "1,2";
			};
			name = Release;
		};
/* End XCBuildConfiguration section */

/* Begin XCConfigurationList section */
		5E3EA70A240BC0CC000D1E89 /* Build configuration list for PBXProject "BottomNavigationTabBar" */ = {
			isa = XCConfigurationList;
			buildConfigurations = (
				5E3EA721240BC0CC000D1E89 /* Debug */,
				5E3EA722240BC0CC000D1E89 /* Release */,
			);
			defaultConfigurationIsVisible = 0;
			defaultConfigurationName = Release;
		};
		5E3EA723240BC0CC000D1E89 /* Build configuration list for PBXNativeTarget "BottomNavigationTabBar" */ = {
			isa = XCConfigurationList;
			buildConfigurations = (
				5E3EA724240BC0CC000D1E89 /* Debug */,
				5E3EA725240BC0CC000D1E89 /* Release */,
			);
			defaultConfigurationIsVisible = 0;
			defaultConfigurationName = Release;
		};
/* End XCConfigurationList section */
	};
	rootObject = 5E3EA707240BC0CC000D1E89 /* Project object */;
}
